<?xml version="1.0" encoding="utf-8"?>
<Project ToolsVersion="4.0" xmlns="http://schemas.microsoft.com/developer/msbuild/2003">
  <ItemGroup>
    <Filter Include="Source Files">
      <UniqueIdentifier>{4FC737F1-C7A5-4376-A066-2A32D752A2FF}</UniqueIdentifier>
      <Extensions>cpp;c;cc;cxx;def;odl;idl;hpj;bat;asm;asmx</Extensions>
    </Filter>
    <Filter Include="Header Files">
      <UniqueIdentifier>{93995380-89BD-4b04-88EB-625FBE52EBFB}</UniqueIdentifier>
      <Extensions>h;hh;hpp;hxx;hm;inl;inc;ipp;xsd</Extensions>
    </Filter>
    <Filter Include="Resource Files">
      <UniqueIdentifier>{67DA6AB6-F800-4c08-8B7A-83BB121AAD01}</UniqueIdentifier>
      <Extensions>rc;ico;cur;bmp;dlg;rc2;rct;bin;rgs;gif;jpg;jpeg;jpe;resx;tiff;tif;png;wav;mfcribbon-ms</Extensions>
    </Filter>
    <Filter Include="Type">
      <UniqueIdentifier>{8a912321-1cbe-4988-be5b-5edddfada622}</UniqueIdentifier>
    </Filter>
  </ItemGroup>
  <ItemGroup>
    <ClInclude Include="Type\TypeExt.h">
      <Filter>Header Files</Filter>
    </ClInclude>
    <ClInclude Include="Type\ConstructorDescriptor.h">
      <Filter>Header Files</Filter>
    </ClInclude>
    <ClInclude Include="Type\ConstructorDescriptorFactory.h">
      <Filter>Header Files</Filter>
    </ClInclude>
    <ClInclude Include="Type\MemberDescriptor.h">
      <Filter>Header Files</Filter>
    </ClInclude>
    <ClInclude Include="Type\MemberDescriptorFactory.h">
      <Filter>Header Files</Filter>
    </ClInclude>
    <ClInclude Include="Type\MethodDescriptor.h">
      <Filter>Header Files</Filter>
    </ClInclude>
    <ClInclude Include="Type\TypeDescriptor.h">
      <Filter>Header Files</Filter>
    </ClInclude>
    <ClInclude Include="Type\TypeDescriptorFactory.h">
      <Filter>Header Files</Filter>
    </ClInclude>
    <ClInclude Include="Type\TypeDescriptorType.h">
      <Filter>Header Files</Filter>
    </ClInclude>
    <ClInclude Include="Type\TypeDescriptorTypeFactory.h">
      <Filter>Header Files</Filter>
    </ClInclude>
    <ClInclude Include="Resolver\Resolver.h">
      <Filter>Header Files</Filter>
    </ClInclude>
  </ItemGroup>
  <ItemGroup>
    <ClCompile Include="TypeLibrary.cpp">
      <Filter>Source Files</Filter>
    </ClCompile>
  </ItemGroup>
</Project>